{
  "name": "street-lite",
  "version": "1.0.0",
  "lockfileVersion": 2,
  "requires": true,
  "packages": {
    "": {
      "name": "street-lite",
      "version": "1.0.0",
      "license": "ISC",
      "dependencies": {
        "@react-google-maps/api": "^2.18.1",
        "dotenv": "^16.4.5",
        "express-generator": "^4.16.1"
      },
      "engines": {
        "node": "16.20.0"
      }
    },
    "node_modules/@googlemaps/js-api-loader": {
      "version": "1.15.1",
      "resolved": "https://registry.npmjs.org/@googlemaps/js-api-loader/-/js-api-loader-1.15.1.tgz",
      "integrity": "sha512-AsnEgNsB7S/VdrHGEQUaUM2e5tmjFGKBAfzR/AqO8O7TPq/jQGvoRw5liPBw4EMF38RDsHmKDV89q/X+qiUREQ==",
      "dependencies": {
        "fast-deep-equal": "^3.1.3"
      }
    },
    "node_modules/@googlemaps/markerclusterer": {
      "version": "2.0.15",
      "resolved": "https://registry.npmjs.org/@googlemaps/markerclusterer/-/markerclusterer-2.0.15.tgz",
      "integrity": "sha512-/I6Esi5FtyeVHsezN9Kut8zRJoqe7KkTIJXGVqpKFf6BjC7qQ1xRajLMkOz0s8XKgLevbr+KdYjuvmj+LohOGg==",
      "dependencies": {
        "fast-deep-equal": "^3.1.3",
        "supercluster": "^7.1.3"
      }
    },
    "node_modules/@react-google-maps/api": {
      "version": "2.18.1",
      "resolved": "https://registry.npmjs.org/@react-google-maps/api/-/api-2.18.1.tgz",
      "integrity": "sha512-KVlUO/Shh+0g/3egWaKmY0sz6+0QOnYkBGvrBMJbz23519LauA+iJFc4NDCmWNHqD5Vhb/Bkg0kSJgq0Stz3Iw==",
      "dependencies": {
        "@googlemaps/js-api-loader": "1.15.1",
        "@googlemaps/markerclusterer": "2.0.15",
        "@react-google-maps/infobox": "2.16.0",
        "@react-google-maps/marker-clusterer": "2.16.1",
        "@types/google.maps": "3.50.5",
        "invariant": "2.2.4"
      },
      "peerDependencies": {
        "react": "^16.8 || ^17 || ^18",
        "react-dom": "^16.8 || ^17 || ^18"
      }
    },
    "node_modules/@react-google-maps/infobox": {
      "version": "2.16.0",
      "resolved": "https://registry.npmjs.org/@react-google-maps/infobox/-/infobox-2.16.0.tgz",
      "integrity": "sha512-ZojiMS25388RcUHQPycUAerSqdHDom+3dHczVcXHdT/i8fka3O8InkHxXwMhvBoM143ips7mv2BPaYOAJ5f4Nw=="
    },
    "node_modules/@react-google-maps/marker-clusterer": {
      "version": "2.16.1",
      "resolved": "https://registry.npmjs.org/@react-google-maps/marker-clusterer/-/marker-clusterer-2.16.1.tgz",
      "integrity": "sha512-jOuyqzWLeXvQcoAu6TCVWHAuko+sDt0JjawNHBGqUNLywMtTCvYP0L0PiqJZOUCUeRYGdUy0AKxQ+30vAkvwag=="
    },
    "node_modules/@types/google.maps": {
      "version": "3.50.5",
      "resolved": "https://registry.npmjs.org/@types/google.maps/-/google.maps-3.50.5.tgz",
      "integrity": "sha512-RuZf1MJtctGlpW+Gd4a/eGtAufUDjMf+eyN1l+B3fbe2YLScJbg8KEljJfb+6vnSPFAeM1/48geVIEg3vqOkxw=="
    },
    "node_modules/balanced-match": {
      "version": "1.0.2",
      "resolved": "https://registry.npmjs.org/balanced-match/-/balanced-match-1.0.2.tgz",
      "integrity": "sha512-3oSeUO0TMV67hN1AmbXsK4yaqU7tjiHlbxRDZOpH0KW9+CeX4bRAaX0Anxt0tx2MrpRpWwQaPwIlISEJhYU5Pw=="
    },
    "node_modules/brace-expansion": {
      "version": "1.1.11",
      "resolved": "https://registry.npmjs.org/brace-expansion/-/brace-expansion-1.1.11.tgz",
      "integrity": "sha512-iCuPHDFgrHX7H2vEI/5xpz07zSHB00TpugqhmYtVmMO6518mCuRMoOYFldEBl0g187ufozdaHgWKcYFb61qGiA==",
      "dependencies": {
        "balanced-match": "^1.0.0",
        "concat-map": "0.0.1"
      }
    },
    "node_modules/commander": {
      "version": "2.15.1",
      "resolved": "https://registry.npmjs.org/commander/-/commander-2.15.1.tgz",
      "integrity": "sha512-VlfT9F3V0v+jr4yxPc5gg9s62/fIVWsd2Bk2iD435um1NlGMYdVCq+MjcXnhYq2icNOizHr1kK+5TI6H0Hy0ag=="
    },
    "node_modules/concat-map": {
      "version": "0.0.1",
      "resolved": "https://registry.npmjs.org/concat-map/-/concat-map-0.0.1.tgz",
      "integrity": "sha512-/Srv4dswyQNBfohGpz9o6Yb3Gz3SrUDqBH5rTuhGR7ahtlbYKnVxw2bCFMRljaA7EXHaXZ8wsHdodFvbkhKmqg=="
    },
    "node_modules/dotenv": {
      "version": "16.4.5",
      "resolved": "https://registry.npmjs.org/dotenv/-/dotenv-16.4.5.tgz",
      "integrity": "sha512-ZmdL2rui+eB2YwhsWzjInR8LldtZHGDoQ1ugH85ppHKwpUHL7j7rN0Ti9NCnGiQbhaZ11FpR+7ao1dNsmduNUg==",
      "engines": {
        "node": ">=12"
      },
      "funding": {
        "url": "https://dotenvx.com"
      }
    },
    "node_modules/ejs": {
      "version": "2.6.1",
      "resolved": "https://registry.npmjs.org/ejs/-/ejs-2.6.1.tgz",
      "integrity": "sha512-0xy4A/twfrRCnkhfk8ErDi5DqdAsAqeGxht4xkCUrsvhhbQNs7E+4jV0CN7+NKIY0aHE72+XvqtBIXzD31ZbXQ==",
      "engines": {
        "node": ">=0.10.0"
      }
    },
    "node_modules/express-generator": {
      "version": "4.16.1",
      "resolved": "https://registry.npmjs.org/express-generator/-/express-generator-4.16.1.tgz",
      "integrity": "sha512-tWYEx5Y/Llos2qC6yAETmdqEMEPqNUzJ8btGcSZ2zSr8RYOalzffhvh9zx5OQTctvOgJ9kKYxyvFGAIuUuF/wA==",
      "dependencies": {
        "commander": "2.15.1",
        "ejs": "2.6.1",
        "minimatch": "3.0.4",
        "mkdirp": "0.5.1",
        "sorted-object": "2.0.1"
      },
      "bin": {
        "express": "bin/express-cli.js"
      },
      "engines": {
        "node": ">= 0.10"
      }
    },
    "node_modules/fast-deep-equal": {
      "version": "3.1.3",
      "resolved": "https://registry.npmjs.org/fast-deep-equal/-/fast-deep-equal-3.1.3.tgz",
      "integrity": "sha512-f3qQ9oQy9j2AhBe/H9VC91wLmKBCCU/gDOnKNAYG5hswO7BLKj09Hc5HYNz9cGI++xlpDCIgDaitVs03ATR84Q=="
    },
    "node_modules/invariant": {
      "version": "2.2.4",
      "resolved": "https://registry.npmjs.org/invariant/-/invariant-2.2.4.tgz",
      "integrity": "sha512-phJfQVBuaJM5raOpJjSfkiD6BpbCE4Ns//LaXl6wGYtUBY83nWS6Rf9tXm2e8VaK60JEjYldbPif/A2B1C2gNA==",
      "dependencies": {
        "loose-envify": "^1.0.0"
      }
    },
    "node_modules/js-tokens": {
      "version": "4.0.0",
      "resolved": "https://registry.npmjs.org/js-tokens/-/js-tokens-4.0.0.tgz",
      "integrity": "sha512-RdJUflcE3cUzKiMqQgsCu06FPu9UdIJO0beYbPhHN4k6apgJtifcoCtT9bcxOpYBtpD2kCM6Sbzg4CausW/PKQ=="
    },
    "node_modules/kdbush": {
      "version": "3.0.0",
      "resolved": "https://registry.npmjs.org/kdbush/-/kdbush-3.0.0.tgz",
      "integrity": "sha512-hRkd6/XW4HTsA9vjVpY9tuXJYLSlelnkTmVFu4M9/7MIYQtFcHpbugAU7UbOfjOiVSVYl2fqgBuJ32JUmRo5Ew=="
    },
    "node_modules/loose-envify": {
      "version": "1.4.0",
      "resolved": "https://registry.npmjs.org/loose-envify/-/loose-envify-1.4.0.tgz",
      "integrity": "sha512-lyuxPGr/Wfhrlem2CL/UcnUc1zcqKAImBDzukY7Y5F/yQiNdko6+fRLevlw1HgMySw7f611UIY408EtxRSoK3Q==",
      "dependencies": {
        "js-tokens": "^3.0.0 || ^4.0.0"
      },
      "bin": {
        "loose-envify": "cli.js"
      }
    },
    "node_modules/minimatch": {
      "version": "3.0.4",
      "resolved": "https://registry.npmjs.org/minimatch/-/minimatch-3.0.4.tgz",
      "integrity": "sha512-yJHVQEhyqPLUTgt9B83PXu6W3rx4MvvHvSUvToogpwoGDOUQ+yDrR0HRot+yOCdCO7u4hX3pWft6kWBBcqh0UA==",
      "dependencies": {
        "brace-expansion": "^1.1.7"
      },
      "engines": {
        "node": "*"
      }
    },
    "node_modules/minimist": {
      "version": "0.0.8",
      "resolved": "https://registry.npmjs.org/minimist/-/minimist-0.0.8.tgz",
      "integrity": "sha512-miQKw5Hv4NS1Psg2517mV4e4dYNaO3++hjAvLOAzKqZ61rH8NS1SK+vbfBWZ5PY/Me/bEWhUwqMghEW5Fb9T7Q=="
    },
    "node_modules/mkdirp": {
      "version": "0.5.1",
      "resolved": "https://registry.npmjs.org/mkdirp/-/mkdirp-0.5.1.tgz",
      "integrity": "sha512-SknJC52obPfGQPnjIkXbmA6+5H15E+fR+E4iR2oQ3zzCLbd7/ONua69R/Gw7AgkTLsRG+r5fzksYwWe1AgTyWA==",
      "deprecated": "Legacy versions of mkdirp are no longer supported. Please update to mkdirp 1.x. (Note that the API surface has changed to use Promises in 1.x.)",
      "dependencies": {
        "minimist": "0.0.8"
      },
      "bin": {
        "mkdirp": "bin/cmd.js"
      }
    },
    "node_modules/react": {
      "version": "18.2.0",
      "resolved": "https://registry.npmjs.org/react/-/react-18.2.0.tgz",
      "integrity": "sha512-/3IjMdb2L9QbBdWiW5e3P2/npwMBaU9mHCSCUzNln0ZCYbcfTsGbTJrU/kGemdH2IWmB2ioZ+zkxtmq6g09fGQ==",
      "peer": true,
      "dependencies": {
        "loose-envify": "^1.1.0"
      },
      "engines": {
        "node": ">=0.10.0"
      }
    },
    "node_modules/react-dom": {
      "version": "18.2.0",
      "resolved": "https://registry.npmjs.org/react-dom/-/react-dom-18.2.0.tgz",
      "integrity": "sha512-6IMTriUmvsjHUjNtEDudZfuDQUoWXVxKHhlEGSk81n4YFS+r/Kl99wXiwlVXtPBtJenozv2P+hxDsw9eA7Xo6g==",
      "peer": true,
      "dependencies": {
        "loose-envify": "^1.1.0",
        "scheduler": "^0.23.0"
      },
      "peerDependencies": {
        "react": "^18.2.0"
      }
    },
    "node_modules/scheduler": {
      "version": "0.23.0",
      "resolved": "https://registry.npmjs.org/scheduler/-/scheduler-0.23.0.tgz",
      "integrity": "sha512-CtuThmgHNg7zIZWAXi3AsyIzA3n4xx7aNyjwC2VJldO2LMVDhFK+63xGqq6CsJH4rTAt6/M+N4GhZiDYPx9eUw==",
      "peer": true,
      "dependencies": {
        "loose-envify": "^1.1.0"
      }
    },
    "node_modules/sorted-object": {
      "version": "2.0.1",
      "resolved": "https://registry.npmjs.org/sorted-object/-/sorted-object-2.0.1.tgz",
      "integrity": "sha512-oKAAs26HeTu3qbawzUGCkTOBv/5MRrcuJyRWwbfEnWdpXnXsj+WEM3HTvarV73tMcf9uBEZNZoNDVRL62VLxzA=="
    },
    "node_modules/supercluster": {
      "version": "7.1.5",
      "resolved": "https://registry.npmjs.org/supercluster/-/supercluster-7.1.5.tgz",
      "integrity": "sha512-EulshI3pGUM66o6ZdH3ReiFcvHpM3vAigyK+vcxdjpJyEbIIrtbmBdY23mGgnI24uXiGFvrGq9Gkum/8U7vJWg==",
      "dependencies": {
        "kdbush": "^3.0.0"
      }
    }
  },
  "dependencies": {
    "@googlemaps/js-api-loader": {
      "version": "1.15.1",
      "resolved": "https://registry.npmjs.org/@googlemaps/js-api-loader/-/js-api-loader-1.15.1.tgz",
      "integrity": "sha512-AsnEgNsB7S/VdrHGEQUaUM2e5tmjFGKBAfzR/AqO8O7TPq/jQGvoRw5liPBw4EMF38RDsHmKDV89q/X+qiUREQ==",
      "requires": {
        "fast-deep-equal": "^3.1.3"
      }
    },
    "@googlemaps/markerclusterer": {
      "version": "2.0.15",
      "resolved": "https://registry.npmjs.org/@googlemaps/markerclusterer/-/markerclusterer-2.0.15.tgz",
      "integrity": "sha512-/I6Esi5FtyeVHsezN9Kut8zRJoqe7KkTIJXGVqpKFf6BjC7qQ1xRajLMkOz0s8XKgLevbr+KdYjuvmj+LohOGg==",
      "requires": {
        "fast-deep-equal": "^3.1.3",
        "supercluster": "^7.1.3"
      }
    },
    "@react-google-maps/api": {
      "version": "2.18.1",
      "resolved": "https://registry.npmjs.org/@react-google-maps/api/-/api-2.18.1.tgz",
      "integrity": "sha512-KVlUO/Shh+0g/3egWaKmY0sz6+0QOnYkBGvrBMJbz23519LauA+iJFc4NDCmWNHqD5Vhb/Bkg0kSJgq0Stz3Iw==",
      "requires": {
        "@googlemaps/js-api-loader": "1.15.1",
        "@googlemaps/markerclusterer": "2.0.15",
        "@react-google-maps/infobox": "2.16.0",
        "@react-google-maps/marker-clusterer": "2.16.1",
        "@types/google.maps": "3.50.5",
        "invariant": "2.2.4"
      }
    },
    "@react-google-maps/infobox": {
      "version": "2.16.0",
      "resolved": "https://registry.npmjs.org/@react-google-maps/infobox/-/infobox-2.16.0.tgz",
      "integrity": "sha512-ZojiMS25388RcUHQPycUAerSqdHDom+3dHczVcXHdT/i8fka3O8InkHxXwMhvBoM143ips7mv2BPaYOAJ5f4Nw=="
    },
    "@react-google-maps/marker-clusterer": {
      "version": "2.16.1",
      "resolved": "https://registry.npmjs.org/@react-google-maps/marker-clusterer/-/marker-clusterer-2.16.1.tgz",
      "integrity": "sha512-jOuyqzWLeXvQcoAu6TCVWHAuko+sDt0JjawNHBGqUNLywMtTCvYP0L0PiqJZOUCUeRYGdUy0AKxQ+30vAkvwag=="
    },
    "@types/google.maps": {
      "version": "3.50.5",
      "resolved": "https://registry.npmjs.org/@types/google.maps/-/google.maps-3.50.5.tgz",
      "integrity": "sha512-RuZf1MJtctGlpW+Gd4a/eGtAufUDjMf+eyN1l+B3fbe2YLScJbg8KEljJfb+6vnSPFAeM1/48geVIEg3vqOkxw=="
    },
    "balanced-match": {
      "version": "1.0.2",
      "resolved": "https://registry.npmjs.org/balanced-match/-/balanced-match-1.0.2.tgz",
      "integrity": "sha512-3oSeUO0TMV67hN1AmbXsK4yaqU7tjiHlbxRDZOpH0KW9+CeX4bRAaX0Anxt0tx2MrpRpWwQaPwIlISEJhYU5Pw=="
    },
    "brace-expansion": {
      "version": "1.1.11",
      "resolved": "https://registry.npmjs.org/brace-expansion/-/brace-expansion-1.1.11.tgz",
      "integrity": "sha512-iCuPHDFgrHX7H2vEI/5xpz07zSHB00TpugqhmYtVmMO6518mCuRMoOYFldEBl0g187ufozdaHgWKcYFb61qGiA==",
      "requires": {
        "balanced-match": "^1.0.0",
        "concat-map": "0.0.1"
      }
    },
    "commander": {
      "version": "2.15.1",
      "resolved": "https://registry.npmjs.org/commander/-/commander-2.15.1.tgz",
      "integrity": "sha512-VlfT9F3V0v+jr4yxPc5gg9s62/fIVWsd2Bk2iD435um1NlGMYdVCq+MjcXnhYq2icNOizHr1kK+5TI6H0Hy0ag=="
    },
    "concat-map": {
      "version": "0.0.1",
      "resolved": "https://registry.npmjs.org/concat-map/-/concat-map-0.0.1.tgz",
      "integrity": "sha512-/Srv4dswyQNBfohGpz9o6Yb3Gz3SrUDqBH5rTuhGR7ahtlbYKnVxw2bCFMRljaA7EXHaXZ8wsHdodFvbkhKmqg=="
    },
    "dotenv": {
      "version": "16.4.5",
      "resolved": "https://registry.npmjs.org/dotenv/-/dotenv-16.4.5.tgz",
      "integrity": "sha512-ZmdL2rui+eB2YwhsWzjInR8LldtZHGDoQ1ugH85ppHKwpUHL7j7rN0Ti9NCnGiQbhaZ11FpR+7ao1dNsmduNUg=="
    },
    "ejs": {
      "version": "2.6.1",
      "resolved": "https://registry.npmjs.org/ejs/-/ejs-2.6.1.tgz",
      "integrity": "sha512-0xy4A/twfrRCnkhfk8ErDi5DqdAsAqeGxht4xkCUrsvhhbQNs7E+4jV0CN7+NKIY0aHE72+XvqtBIXzD31ZbXQ=="
    },
    "express-generator": {
      "version": "4.16.1",
      "resolved": "https://registry.npmjs.org/express-generator/-/express-generator-4.16.1.tgz",
      "integrity": "sha512-tWYEx5Y/Llos2qC6yAETmdqEMEPqNUzJ8btGcSZ2zSr8RYOalzffhvh9zx5OQTctvOgJ9kKYxyvFGAIuUuF/wA==",
      "requires": {
        "commander": "2.15.1",
        "ejs": "2.6.1",
        "minimatch": "3.0.4",
        "mkdirp": "0.5.1",
        "sorted-object": "2.0.1"
      }
    },
    "fast-deep-equal": {
      "version": "3.1.3",
      "resolved": "https://registry.npmjs.org/fast-deep-equal/-/fast-deep-equal-3.1.3.tgz",
      "integrity": "sha512-f3qQ9oQy9j2AhBe/H9VC91wLmKBCCU/gDOnKNAYG5hswO7BLKj09Hc5HYNz9cGI++xlpDCIgDaitVs03ATR84Q=="
    },
    "invariant": {
      "version": "2.2.4",
      "resolved": "https://registry.npmjs.org/invariant/-/invariant-2.2.4.tgz",
      "integrity": "sha512-phJfQVBuaJM5raOpJjSfkiD6BpbCE4Ns//LaXl6wGYtUBY83nWS6Rf9tXm2e8VaK60JEjYldbPif/A2B1C2gNA==",
      "requires": {
        "loose-envify": "^1.0.0"
      }
    },
    "js-tokens": {
      "version": "4.0.0",
      "resolved": "https://registry.npmjs.org/js-tokens/-/js-tokens-4.0.0.tgz",
      "integrity": "sha512-RdJUflcE3cUzKiMqQgsCu06FPu9UdIJO0beYbPhHN4k6apgJtifcoCtT9bcxOpYBtpD2kCM6Sbzg4CausW/PKQ=="
    },
    "kdbush": {
      "version": "3.0.0",
      "resolved": "https://registry.npmjs.org/kdbush/-/kdbush-3.0.0.tgz",
      "integrity": "sha512-hRkd6/XW4HTsA9vjVpY9tuXJYLSlelnkTmVFu4M9/7MIYQtFcHpbugAU7UbOfjOiVSVYl2fqgBuJ32JUmRo5Ew=="
    },
    "loose-envify": {
      "version": "1.4.0",
      "resolved": "https://registry.npmjs.org/loose-envify/-/loose-envify-1.4.0.tgz",
      "integrity": "sha512-lyuxPGr/Wfhrlem2CL/UcnUc1zcqKAImBDzukY7Y5F/yQiNdko6+fRLevlw1HgMySw7f611UIY408EtxRSoK3Q==",
      "requires": {
        "js-tokens": "^3.0.0 || ^4.0.0"
      }
    },
    "minimatch": {
      "version": "3.0.4",
      "resolved": "https://registry.npmjs.org/minimatch/-/minimatch-3.0.4.tgz",
      "integrity": "sha512-yJHVQEhyqPLUTgt9B83PXu6W3rx4MvvHvSUvToogpwoGDOUQ+yDrR0HRot+yOCdCO7u4hX3pWft6kWBBcqh0UA==",
      "requires": {
        "brace-expansion": "^1.1.7"
      }
    },
    "minimist": {
      "version": "0.0.8",
      "resolved": "https://registry.npmjs.org/minimist/-/minimist-0.0.8.tgz",
      "integrity": "sha512-miQKw5Hv4NS1Psg2517mV4e4dYNaO3++hjAvLOAzKqZ61rH8NS1SK+vbfBWZ5PY/Me/bEWhUwqMghEW5Fb9T7Q=="
    },
    "mkdirp": {
      "version": "0.5.1",
      "resolved": "https://registry.npmjs.org/mkdirp/-/mkdirp-0.5.1.tgz",
      "integrity": "sha512-SknJC52obPfGQPnjIkXbmA6+5H15E+fR+E4iR2oQ3zzCLbd7/ONua69R/Gw7AgkTLsRG+r5fzksYwWe1AgTyWA==",
      "requires": {
        "minimist": "0.0.8"
      }
    },
    "react": {
      "version": "18.2.0",
      "resolved": "https://registry.npmjs.org/react/-/react-18.2.0.tgz",
      "integrity": "sha512-/3IjMdb2L9QbBdWiW5e3P2/npwMBaU9mHCSCUzNln0ZCYbcfTsGbTJrU/kGemdH2IWmB2ioZ+zkxtmq6g09fGQ==",
      "peer": true,
      "requires": {
        "loose-envify": "^1.1.0"
      }
    },
    "react-dom": {
      "version": "18.2.0",
      "resolved": "https://registry.npmjs.org/react-dom/-/react-dom-18.2.0.tgz",
      "integrity": "sha512-6IMTriUmvsjHUjNtEDudZfuDQUoWXVxKHhlEGSk81n4YFS+r/Kl99wXiwlVXtPBtJenozv2P+hxDsw9eA7Xo6g==",
      "peer": true,
      "requires": {
        "loose-envify": "^1.1.0",
        "scheduler": "^0.23.0"
      }
    },
    "scheduler": {
      "version": "0.23.0",
      "resolved": "https://registry.npmjs.org/scheduler/-/scheduler-0.23.0.tgz",
      "integrity": "sha512-CtuThmgHNg7zIZWAXi3AsyIzA3n4xx7aNyjwC2VJldO2LMVDhFK+63xGqq6CsJH4rTAt6/M+N4GhZiDYPx9eUw==",
      "peer": true,
      "requires": {
        "loose-envify": "^1.1.0"
      }
    },
    "sorted-object": {
      "version": "2.0.1",
      "resolved": "https://registry.npmjs.org/sorted-object/-/sorted-object-2.0.1.tgz",
      "integrity": "sha512-oKAAs26HeTu3qbawzUGCkTOBv/5MRrcuJyRWwbfEnWdpXnXsj+WEM3HTvarV73tMcf9uBEZNZoNDVRL62VLxzA=="
    },
    "supercluster": {
      "version": "7.1.5",
      "resolved": "https://registry.npmjs.org/supercluster/-/supercluster-7.1.5.tgz",
      "integrity": "sha512-EulshI3pGUM66o6ZdH3ReiFcvHpM3vAigyK+vcxdjpJyEbIIrtbmBdY23mGgnI24uXiGFvrGq9Gkum/8U7vJWg==",
      "requires": {
        "kdbush": "^3.0.0"
      }
    }
  }
}
